// !$*UTF8*$!
{
	archiveVersion = 1;
	classes = {
	};
	objectVersion = 55;
	objects = {

/* Begin PBXBuildFile section */
		C0031CAD26FE7A9C008A2E4A /* CategoryCell.swift in Sources */ = {isa = PBXBuildFile; fileRef = C0031CAC26FE7A9C008A2E4A /* CategoryCell.swift */; };
		C0031CAF26FE9877008A2E4A /* Category.swift in Sources */ = {isa = PBXBuildFile; fileRef = C0031CAE26FE9877008A2E4A /* Category.swift */; };
		C0031CB426FE99F1008A2E4A /* DataService.swift in Sources */ = {isa = PBXBuildFile; fileRef = C0031CB326FE99F1008A2E4A /* DataService.swift */; };
		C0D4B97026FE5C4700B1C2AB /* AppDelegate.swift in Sources */ = {isa = PBXBuildFile; fileRef = C0D4B96F26FE5C4700B1C2AB /* AppDelegate.swift */; };
		C0D4B97226FE5C4700B1C2AB /* SceneDelegate.swift in Sources */ = {isa = PBXBuildFile; fileRef = C0D4B97126FE5C4700B1C2AB /* SceneDelegate.swift */; };
		C0D4B97426FE5C4700B1C2AB /* CatagoriesVC.swift in Sources */ = {isa = PBXBuildFile; fileRef = C0D4B97326FE5C4700B1C2AB /* CatagoriesVC.swift */; };
		C0D4B97726FE5C4700B1C2AB /* Main.storyboard in Resources */ = {isa = PBXBuildFile; fileRef = C0D4B97526FE5C4700B1C2AB /* Main.storyboard */; };
		C0D4B97926FE5C4A00B1C2AB /* Assets.xcassets in Resources */ = {isa = PBXBuildFile; fileRef = C0D4B97826FE5C4A00B1C2AB /* Assets.xcassets */; };
		C0D4B97C26FE5C4A00B1C2AB /* LaunchScreen.storyboard in Resources */ = {isa = PBXBuildFile; fileRef = C0D4B97A26FE5C4A00B1C2AB /* LaunchScreen.storyboard */; };
/* End PBXBuildFile section */

/* Begin PBXFileReference section */
		C0031CAC26FE7A9C008A2E4A /* CategoryCell.swift */ = {isa = PBXFileReference; lastKnownFileType = sourcecode.swift; path = CategoryCell.swift; sourceTree = "<group>"; };
		C0031CAE26FE9877008A2E4A /* Category.swift */ = {isa = PBXFileReference; lastKnownFileType = sourcecode.swift; path = Category.swift; sourceTree = "<group>"; };
		C0031CB326FE99F1008A2E4A /* DataService.swift */ = {isa = PBXFileReference; lastKnownFileType = sourcecode.swift; path = DataService.swift; sourceTree = "<group>"; };
		C0D4B96C26FE5C4700B1C2AB /* GenShopper.app */ = {isa = PBXFileReference; explicitFileType = wrapper.application; includeInIndex = 0; path = GenShopper.app; sourceTree = BUILT_PRODUCTS_DIR; };
		C0D4B96F26FE5C4700B1C2AB /* AppDelegate.swift */ = {isa = PBXFileReference; lastKnownFileType = sourcecode.swift; path = AppDelegate.swift; sourceTree = "<group>"; };
		C0D4B97126FE5C4700B1C2AB /* SceneDelegate.swift */ = {isa = PBXFileReference; lastKnownFileType = sourcecode.swift; path = SceneDelegate.swift; sourceTree = "<group>"; };
		C0D4B97326FE5C4700B1C2AB /* CatagoriesVC.swift */ = {isa = PBXFileReference; lastKnownFileType = sourcecode.swift; path = CatagoriesVC.swift; sourceTree = "<group>"; };
		C0D4B97626FE5C4700B1C2AB /* Base */ = {isa = PBXFileReference; lastKnownFileType = file.storyboard; name = Base; path = Base.lproj/Main.storyboard; sourceTree = "<group>"; };
		C0D4B97826FE5C4A00B1C2AB /* Assets.xcassets */ = {isa = PBXFileReference; lastKnownFileType = folder.assetcatalog; path = Assets.xcassets; sourceTree = "<group>"; };
		C0D4B97B26FE5C4A00B1C2AB /* Base */ = {isa = PBXFileReference; lastKnownFileType = file.storyboard; name = Base; path = Base.lproj/LaunchScreen.storyboard; sourceTree = "<group>"; };
		C0D4B97D26FE5C4A00B1C2AB /* Info.plist */ = {isa = PBXFileReference; lastKnownFileType = text.plist.xml; path = Info.plist; sourceTree = "<group>"; };
/* End PBXFileReference section */

/* Begin PBXFrameworksBuildPhase section */
		C0D4B96926FE5C4600B1C2AB /* Frameworks */ = {
			isa = PBXFrameworksBuildPhase;
			buildActionMask = 2147483647;
			files = (
			);
			runOnlyForDeploymentPostprocessing = 0;
		};
/* End PBXFrameworksBuildPhase section */

/* Begin PBXGroup section */
		C0031CB226FE99D8008A2E4A /* Services */ = {
			isa = PBXGroup;
			children = (
				C0031CB326FE99F1008A2E4A /* DataService.swift */,
			);
			path = Services;
			sourceTree = "<group>";
		};
		C085826326FE78B000297ED8 /* Models */ = {
			isa = PBXGroup;
			children = (
				C0031CAE26FE9877008A2E4A /* Category.swift */,
			);
			path = Models;
			sourceTree = "<group>";
		};
		C085826426FE78B900297ED8 /* Views */ = {
			isa = PBXGroup;
			children = (
				C0031CAC26FE7A9C008A2E4A /* CategoryCell.swift */,
			);
			path = Views;
			sourceTree = "<group>";
		};
		C085826526FE78CA00297ED8 /* Controllers */ = {
			isa = PBXGroup;
			children = (
				C0D4B97326FE5C4700B1C2AB /* CatagoriesVC.swift */,
			);
			path = Controllers;
			sourceTree = "<group>";
		};
		C0D4B96326FE5C4600B1C2AB = {
			isa = PBXGroup;
			children = (
				C0D4B96E26FE5C4700B1C2AB /* GenShopper */,
				C0D4B96D26FE5C4700B1C2AB /* Products */,
			);
			sourceTree = "<group>";
		};
		C0D4B96D26FE5C4700B1C2AB /* Products */ = {
			isa = PBXGroup;
			children = (
				C0D4B96C26FE5C4700B1C2AB /* GenShopper.app */,
			);
			name = Products;
			sourceTree = "<group>";
		};
		C0D4B96E26FE5C4700B1C2AB /* GenShopper */ = {
			isa = PBXGroup;
			children = (
				C0D4B96F26FE5C4700B1C2AB /* AppDelegate.swift */,
				C0D4B97126FE5C4700B1C2AB /* SceneDelegate.swift */,
				C0031CB226FE99D8008A2E4A /* Services */,
				C085826326FE78B000297ED8 /* Models */,
				C085826426FE78B900297ED8 /* Views */,
				C085826526FE78CA00297ED8 /* Controllers */,
				C0D4B97526FE5C4700B1C2AB /* Main.storyboard */,
				C0D4B97826FE5C4A00B1C2AB /* Assets.xcassets */,
				C0D4B97A26FE5C4A00B1C2AB /* LaunchScreen.storyboard */,
				C0D4B97D26FE5C4A00B1C2AB /* Info.plist */,
			);
			path = GenShopper;
			sourceTree = "<group>";
		};
/* End PBXGroup section */

/* Begin PBXNativeTarget section */
		C0D4B96B26FE5C4600B1C2AB /* GenShopper */ = {
			isa = PBXNativeTarget;
			buildConfigurationList = C0D4B98026FE5C4A00B1C2AB /* Build configuration list for PBXNativeTarget "GenShopper" */;
			buildPhases = (
				C0D4B96826FE5C4600B1C2AB /* Sources */,
				C0D4B96926FE5C4600B1C2AB /* Frameworks */,
				C0D4B96A26FE5C4600B1C2AB /* Resources */,
			);
			buildRules = (
			);
			dependencies = (
			);
			name = GenShopper;
			productName = GenShopper;
			productReference = C0D4B96C26FE5C4700B1C2AB /* GenShopper.app */;
			productType = "com.apple.product-type.application";
		};
/* End PBXNativeTarget section */

/* Begin PBXProject section */
		C0D4B96426FE5C4600B1C2AB /* Project object */ = {
			isa = PBXProject;
			attributes = {
				BuildIndependentTargetsInParallel = 1;
				LastSwiftUpdateCheck = 1300;
				LastUpgradeCheck = 1300;
				TargetAttributes = {
					C0D4B96B26FE5C4600B1C2AB = {
						CreatedOnToolsVersion = 13.0;
					};
				};
			};
			buildConfigurationList = C0D4B96726FE5C4600B1C2AB /* Build configuration list for PBXProject "GenShopper" */;
			compatibilityVersion = "Xcode 13.0";
			developmentRegion = en;
			hasScannedForEncodings = 0;
			knownRegions = (
				en,
				Base,
			);
			mainGroup = C0D4B96326FE5C4600B1C2AB;
			productRefGroup = C0D4B96D26FE5C4700B1C2AB /* Products */;
			projectDirPath = "";
			projectRoot = "";
			targets = (
				C0D4B96B26FE5C4600B1C2AB /* GenShopper */,
			);
		};
/* End PBXProject section */

/* Begin PBXResourcesBuildPhase section */
		C0D4B96A26FE5C4600B1C2AB /* Resources */ = {
			isa = PBXResourcesBuildPhase;
			buildActionMask = 2147483647;
			files = (
				C0D4B97C26FE5C4A00B1C2AB /* LaunchScreen.storyboard in Resources */,
				C0D4B97926FE5C4A00B1C2AB /* Assets.xcassets in Resources */,
				C0D4B97726FE5C4700B1C2AB /* Main.storyboard in Resources */,
			);
			runOnlyForDeploymentPostprocessing = 0;
		};
/* End PBXResourcesBuildPhase section */

/* Begin PBXSourcesBuildPhase section */
		C0D4B96826FE5C4600B1C2AB /* Sources */ = {
			isa = PBXSourcesBuildPhase;
			buildActionMask = 2147483647;
			files = (
				C0D4B97426FE5C4700B1C2AB /* CatagoriesVC.swift in Sources */,
				C0031CAF26FE9877008A2E4A /* Category.swift in Sources */,
				C0D4B97026FE5C4700B1C2AB /* AppDelegate.swift in Sources */,
				C0031CB426FE99F1008A2E4A /* DataService.swift in Sources */,
				C0D4B97226FE5C4700B1C2AB /* SceneDelegate.swift in Sources */,
				C0031CAD26FE7A9C008A2E4A /* CategoryCell.swift in Sources */,
			);
			runOnlyForDeploymentPostprocessing = 0;
		};
/* End PBXSourcesBuildPhase section */

/* Begin PBXVariantGroup section */
		C0D4B97526FE5C4700B1C2AB /* Main.storyboard */ = {
			isa = PBXVariantGroup;
			children = (
				C0D4B97626FE5C4700B1C2AB /* Base */,
			);
			name = Main.storyboard;
			sourceTree = "<group>";
		};
		C0D4B97A26FE5C4A00B1C2AB /* LaunchScreen.storyboard */ = {
			isa = PBXVariantGroup;
			children = (
				C0D4B97B26FE5C4A00B1C2AB /* Base */,
			);
			name = LaunchScreen.storyboard;
			sourceTree = "<group>";
		};
/* End PBXVariantGroup section */

/* Begin XCBuildConfiguration section */
		C0D4B97E26FE5C4A00B1C2AB /* Debug */ = {
			isa = XCBuildConfiguration;
			buildSettings = {
				ALWAYS_SEARCH_USER_PATHS = NO;
				CLANG_ANALYZER_NONNULL = YES;
				CLANG_ANALYZER_NUMBER_OBJECT_CONVERSION = YES_AGGRESSIVE;
				CLANG_CXX_LANGUAGE_STANDARD = "gnu++17";
				CLANG_CXX_LIBRARY = "libc++";
				CLANG_ENABLE_MODULES = YES;
				CLANG_ENABLE_OBJC_ARC = YES;
				CLANG_ENABLE_OBJC_WEAK = YES;
				CLANG_WARN_BLOCK_CAPTURE_AUTORELEASING = YES;
				CLANG_WARN_BOOL_CONVERSION = YES;
				CLANG_WARN_COMMA = YES;
				CLANG_WARN_CONSTANT_CONVERSION = YES;
				CLANG_WARN_DEPRECATED_OBJC_IMPLEMENTATIONS = YES;
				CLANG_WARN_DIRECT_OBJC_ISA_USAGE = YES_ERROR;
				CLANG_WARN_DOCUMENTATION_COMMENTS = YES;
				CLANG_WARN_EMPTY_BODY = YES;
				CLANG_WARN_ENUM_CONVERSION = YES;
				CLANG_WARN_INFINITE_RECURSION = YES;
				CLANG_WARN_INT_CONVERSION = YES;
				CLANG_WARN_NON_LITERAL_NULL_CONVERSION = YES;
				CLANG_WARN_OBJC_IMPLICIT_RETAIN_SELF = YES;
				CLANG_WARN_OBJC_LITERAL_CONVERSION = YES;
				CLANG_WARN_OBJC_ROOT_CLASS = YES_ERROR;
				CLANG_WARN_QUOTED_INCLUDE_IN_FRAMEWORK_HEADER = YES;
				CLANG_WARN_RANGE_LOOP_ANALYSIS = YES;
				CLANG_WARN_STRICT_PROTOTYPES = YES;
				CLANG_WARN_SUSPICIOUS_MOVE = YES;
				CLANG_WARN_UNGUARDED_AVAILABILITY = YES_AGGRESSIVE;
				CLANG_WARN_UNREACHABLE_CODE = YES;
				CLANG_WARN__DUPLICATE_METHOD_MATCH = YES;
				COPY_PHASE_STRIP = NO;
				DEBUG_INFORMATION_FORMAT = dwarf;
				ENABLE_STRICT_OBJC_MSGSEND = YES;
				ENABLE_TESTABILITY = YES;
				GCC_C_LANGUAGE_STANDARD = gnu11;
				GCC_DYNAMIC_NO_PIC = NO;
				GCC_NO_COMMON_BLOCKS = YES;
				GCC_OPTIMIZATION_LEVEL = 0;
				GCC_PREPROCESSOR_DEFINITIONS = (
					"DEBUG=1",
					"$(inherited)",
				);
				GCC_WARN_64_TO_32_BIT_CONVERSION = YES;
				GCC_WARN_ABOUT_RETURN_TYPE = YES_ERROR;
				GCC_WARN_UNDECLARED_SELECTOR = YES;
				GCC_WARN_UNINITIALIZED_AUTOS = YES_AGGRESSIVE;
				GCC_WARN_UNUSED_FUNCTION = YES;
				GCC_WARN_UNUSED_VARIABLE = YES;
				IPHONEOS_DEPLOYMENT_TARGET = 15.0;
				MTL_ENABLE_DEBUG_INFO = INCLUDE_SOURCE;
				MTL_FAST_MATH = YES;
				ONLY_ACTIVE_ARCH = YES;
				SDKROOT = iphoneos;
				SWIFT_ACTIVE_COMPILATION_CONDITIONS = DEBUG;
				SWIFT_OPTIMIZATION_LEVEL = "-Onone";
			};
			name = Debug;
		};
		C0D4B97F26FE5C4A00B1C2AB /* Release */ = {
			isa = XCBuildConfiguration;
			buildSettings = {
				ALWAYS_SEARCH_USER_PATHS = NO;
				CLANG_ANALYZER_NONNULL = YES;
				CLANG_ANALYZER_NUMBER_OBJECT_CONVERSION = YES_AGGRESSIVE;
				CLANG_CXX_LANGUAGE_STANDARD = "gnu++17";
				CLANG_CXX_LIBRARY = "libc++";
				CLANG_ENABLE_MODULES = YES;
				CLANG_ENABLE_OBJC_ARC = YES;
				CLANG_ENABLE_OBJC_WEAK = YES;
				CLANG_WARN_BLOCK_CAPTURE_AUTORELEASING = YES;
				CLANG_WARN_BOOL_CONVERSION = YES;
				CLANG_WARN_COMMA = YES;
				CLANG_WARN_CONSTANT_CONVERSION = YES;
				CLANG_WARN_DEPRECATED_OBJC_IMPLEMENTATIONS = YES;
				CLANG_WARN_DIRECT_OBJC_ISA_USAGE = YES_ERROR;
				CLANG_WARN_DOCUMENTATION_COMMENTS = YES;
				CLANG_WARN_EMPTY_BODY = YES;
				CLANG_WARN_ENUM_CONVERSION = YES;
				CLANG_WARN_INFINITE_RECURSION = YES;
				CLANG_WARN_INT_CONVERSION = YES;
				CLANG_WARN_NON_LITERAL_NULL_CONVERSION = YES;
				CLANG_WARN_OBJC_IMPLICIT_RETAIN_SELF = YES;
				CLANG_WARN_OBJC_LITERAL_CONVERSION = YES;
				CLANG_WARN_OBJC_ROOT_CLASS = YES_ERROR;
				CLANG_WARN_QUOTED_INCLUDE_IN_FRAMEWORK_HEADER = YES;
				CLANG_WARN_RANGE_LOOP_ANALYSIS = YES;
				CLANG_WARN_STRICT_PROTOTYPES = YES;
				CLANG_WARN_SUSPICIOUS_MOVE = YES;
				CLANG_WARN_UNGUARDED_AVAILABILITY = YES_AGGRESSIVE;
				CLANG_WARN_UNREACHABLE_CODE = YES;
				CLANG_WARN__DUPLICATE_METHOD_MATCH = YES;
				COPY_PHASE_STRIP = NO;
				DEBUG_INFORMATION_FORMAT = "dwarf-with-dsym";
				ENABLE_NS_ASSERTIONS = NO;
				ENABLE_STRICT_OBJC_MSGSEND = YES;
				GCC_C_LANGUAGE_STANDARD = gnu11;
				GCC_NO_COMMON_BLOCKS = YES;
				GCC_WARN_64_TO_32_BIT_CONVERSION = YES;
				GCC_WARN_ABOUT_RETURN_TYPE = YES_ERROR;
				GCC_WARN_UNDECLARED_SELECTOR = YES;
				GCC_WARN_UNINITIALIZED_AUTOS = YES_AGGRESSIVE;
				GCC_WARN_UNUSED_FUNCTION = YES;
				GCC_WARN_UNUSED_VARIABLE = YES;
				IPHONEOS_DEPLOYMENT_TARGET = 15.0;
				MTL_ENABLE_DEBUG_INFO = NO;
				MTL_FAST_MATH = YES;
				SDKROOT = iphoneos;
				SWIFT_COMPILATION_MODE = wholemodule;
				SWIFT_OPTIMIZATION_LEVEL = "-O";
				VALIDATE_PRODUCT = YES;
			};
			name = Release;
		};
		C0D4B98126FE5C4A00B1C2AB /* Debug */ = {
			isa = XCBuildConfiguration;
			buildSettings = {
				ASSETCATALOG_COMPILER_APPICON_NAME = AppIcon;
				ASSETCATALOG_COMPILER_GLOBAL_ACCENT_COLOR_NAME = AccentColor;
				CODE_SIGN_STYLE = Automatic;
				CURRENT_PROJECT_VERSION = 1;
				GENERATE_INFOPLIST_FILE = YES;
				INFOPLIST_FILE = GenShopper/Info.plist;
				INFOPLIST_KEY_UIApplicationSupportsIndirectInputEvents = YES;
				INFOPLIST_KEY_UILaunchStoryboardName = LaunchScreen;
				INFOPLIST_KEY_UIMainStoryboardFile = Main;
				INFOPLIST_KEY_UISupportedInterfaceOrientations_iPad = "UIInterfaceOrientationPortrait UIInterfaceOrientationPortraitUpsideDown UIInterfaceOrientationLandscapeLeft UIInterfaceOrientationLandscapeRight";
				INFOPLIST_KEY_UISupportedInterfaceOrientations_iPhone = "UIInterfaceOrientationPortrait UIInterfaceOrientationLandscapeLeft UIInterfaceOrientationLandscapeRight";
				LD_RUNPATH_SEARCH_PATHS = (
					"$(inherited)",
					"@executable_path/Frameworks",
				);
				MARKETING_VERSION = 1.0;
				PRODUCT_BUNDLE_IDENTIFIER = com.brandenk.GenShopper;
				PRODUCT_NAME = "$(TARGET_NAME)";
				SWIFT_EMIT_LOC_STRINGS = YES;
				SWIFT_VERSION = 5.0;
				TARGETED_DEVICE_FAMILY = "1,2";
			};
			name = Debug;
		};
		C0D4B98226FE5C4A00B1C2AB /* Release */ = {
			isa = XCBuildConfiguration;
			buildSettings = {
				ASSETCATALOG_COMPILER_APPICON_NAME = AppIcon;
				ASSETCATALOG_COMPILER_GLOBAL_ACCENT_COLOR_NAME = AccentColor;
				CODE_SIGN_STYLE = Automatic;
				CURRENT_PROJECT_VERSION = 1;
				GENERATE_INFOPLIST_FILE = YES;
				INFOPLIST_FILE = GenShopper/Info.plist;
				INFOPLIST_KEY_UIApplicationSupportsIndirectInputEvents = YES;
				INFOPLIST_KEY_UILaunchStoryboardName = LaunchScreen;
				INFOPLIST_KEY_UIMainStoryboardFile = Main;
				INFOPLIST_KEY_UISupportedInterfaceOrientations_iPad = "UIInterfaceOrientationPortrait UIInterfaceOrientationPortraitUpsideDown UIInterfaceOrientationLandscapeLeft UIInterfaceOrientationLandscapeRight";
				INFOPLIST_KEY_UISupportedInterfaceOrientations_iPhone = "UIInterfaceOrientationPortrait UIInterfaceOrientationLandscapeLeft UIInterfaceOrientationLandscapeRight";
				LD_RUNPATH_SEARCH_PATHS = (
					"$(inherited)",
					"@executable_path/Frameworks",
				);
				MARKETING_VERSION = 1.0;
				PRODUCT_BUNDLE_IDENTIFIER = com.brandenk.GenShopper;
				PRODUCT_NAME = "$(TARGET_NAME)";
				SWIFT_EMIT_LOC_STRINGS = YES;
				SWIFT_VERSION = 5.0;
				TARGETED_DEVICE_FAMILY = "1,2";
			};
			name = Release;
		};
/* End XCBuildConfiguration section */

/* Begin XCConfigurationList section */
		C0D4B96726FE5C4600B1C2AB /* Build configuration list for PBXProject "GenShopper" */ = {
			isa = XCConfigurationList;
			buildConfigurations = (
				C0D4B97E26FE5C4A00B1C2AB /* Debug */,
				C0D4B97F26FE5C4A00B1C2AB /* Release */,
			);
			defaultConfigurationIsVisible = 0;
			defaultConfigurationName = Release;
		};
		C0D4B98026FE5C4A00B1C2AB /* Build configuration list for PBXNativeTarget "GenShopper" */ = {
			isa = XCConfigurationList;
			buildConfigurations = (
				C0D4B98126FE5C4A00B1C2AB /* Debug */,
				C0D4B98226FE5C4A00B1C2AB /* Release */,
			);
			defaultConfigurationIsVisible = 0;
			defaultConfigurationName = Release;
		};
/* End XCConfigurationList section */
	};
	rootObject = C0D4B96426FE5C4600B1C2AB /* Project object */;
}
